
Microsoft Visual Studio Solution File, Format Version 12.00
# Visual Studio Version 16
VisualStudioVersion = 16.0.30611.23
MinimumVisualStudioVersion = 10.0.40219.1
Project("{F184B08F-C81C-45F6-A57F-5ABD9991F28F}") = "Ramen Billling System", "Ramen Billling System\Ramen Billling System.vbproj", "{2FBCC613-8837-4263-9713-FCF745EBD1D7}"
EndProject
Project("{2150E333-8FDC-42A3-9474-1A3956D46DE8}") = "Solution Items", "Solution Items", "{DBC7F038-10F4-4F41-AA04-35A98BA7776B}"
	ProjectSection(SolutionItems) = preProject
		.editorconfig = .editorconfig
	EndProjectSection
EndProject
Global
	GlobalSection(SolutionConfigurationPlatforms) = preSolution
		Debug|Any CPU = Debug|Any CPU
		Release|Any CPU = Release|Any CPU
	EndGlobalSection
	GlobalSection(ProjectConfigurationPlatforms) = postSolution
		{2FBCC613-8837-4263-9713-FCF745EBD1D7}.Debug|Any CPU.ActiveCfg = Debug|Any CPU
		{2FBCC613-8837-4263-9713-FCF745EBD1D7}.Debug|Any CPU.Build.0 = Debug|Any CPU
		{2FBCC613-8837-4263-9713-FCF745EBD1D7}.Release|Any CPU.ActiveCfg = Release|Any CPU
		{2FBCC613-8837-4263-9713-FCF745EBD1D7}.Release|Any CPU.Build.0 = Release|Any CPU
	EndGlobalSection
	GlobalSection(SolutionProperties) = preSolution
		HideSolutionNode = FALSE
	EndGlobalSection
	GlobalSection(ExtensibilityGlobals) = postSolution
		SolutionGuid = {13B4524B-5AA2-4FD8-81D7-9C23EFA0AF79}
	EndGlobalSection
EndGlobal
